
Microsoft Visual Studio Solution File, Format Version 12.00
# Visual Studio Version 17
VisualStudioVersion = 17.5.33502.453
MinimumVisualStudioVersion = 10.0.40219.1
Project("{E24C65DC-7377-472B-9ABA-BC803B73C61A}") = "StaicWebSite", "http://localhost:49815", "{37E92943-49BA-4B87-950A-03CF16608350}"
	ProjectSection(WebsiteProperties) = preProject
		UseIISExpress = "true"
		TargetFrameworkMoniker = ".NETFramework,Version%3Dv4.8.1"
		Debug.AspNetCompiler.VirtualPath = "/localhost_49815"
		Debug.AspNetCompiler.PhysicalPath = "..\..\..\OneDrive\Документы\My Web Sites\StaicWebSite\"
		Debug.AspNetCompiler.TargetPath = "PrecompiledWeb\localhost_49815\"
		Debug.AspNetCompiler.Updateable = "true"
		Debug.AspNetCompiler.ForceOverwrite = "true"
		Debug.AspNetCompiler.FixedNames = "false"
		Debug.AspNetCompiler.Debug = "True"
		Release.AspNetCompiler.VirtualPath = "/localhost_49815"
		Release.AspNetCompiler.PhysicalPath = "..\..\..\OneDrive\Документы\My Web Sites\StaicWebSite\"
		Release.AspNetCompiler.TargetPath = "PrecompiledWeb\localhost_49815\"
		Release.AspNetCompiler.Updateable = "true"
		Release.AspNetCompiler.ForceOverwrite = "true"
		Release.AspNetCompiler.FixedNames = "false"
		Release.AspNetCompiler.Debug = "False"
		SlnRelativePath = "..\..\..\OneDrive\Документы\My Web Sites\StaicWebSite\"
	EndProjectSection
EndProject
Global
	GlobalSection(SolutionConfigurationPlatforms) = preSolution
		Debug|Any CPU = Debug|Any CPU
	EndGlobalSection
	GlobalSection(ProjectConfigurationPlatforms) = postSolution
		{37E92943-49BA-4B87-950A-03CF16608350}.Debug|Any CPU.ActiveCfg = Debug|Any CPU
		{37E92943-49BA-4B87-950A-03CF16608350}.Debug|Any CPU.Build.0 = Debug|Any CPU
	EndGlobalSection
	GlobalSection(SolutionProperties) = preSolution
		HideSolutionNode = FALSE
	EndGlobalSection
	GlobalSection(ExtensibilityGlobals) = postSolution
		SolutionGuid = {4918F6DF-46F5-4BE8-AE90-C72BDCA840D2}
	EndGlobalSection
EndGlobal
